
Microsoft Visual Studio Solution File, Format Version 12.00
# Visual Studio Version 17
VisualStudioVersion = 17.7.34003.232
MinimumVisualStudioVersion = 10.0.40219.1
Project("{FAE04EC0-301F-11D3-BF4B-00C04F79EFBC}") = "ArvoreTarefa2", "ArvoreTarefa2\ArvoreTarefa2.csproj", "{4C24008A-C75F-4FBC-8A68-3DFCD717D09D}"
EndProject
Project("{2150E333-8FDC-42A3-9474-1A3956D46DE8}") = "Itens de Solução", "Itens de Solução", "{4BBCDBBA-A603-4D7E-AD48-86D93647DAA6}"
	ProjectSection(SolutionItems) = preProject
		ScriptTarefa1.sql = ScriptTarefa1.sql
	EndProjectSection
EndProject
Global
	GlobalSection(SolutionConfigurationPlatforms) = preSolution
		Debug|Any CPU = Debug|Any CPU
		Release|Any CPU = Release|Any CPU
	EndGlobalSection
	GlobalSection(ProjectConfigurationPlatforms) = postSolution
		{4C24008A-C75F-4FBC-8A68-3DFCD717D09D}.Debug|Any CPU.ActiveCfg = Debug|Any CPU
		{4C24008A-C75F-4FBC-8A68-3DFCD717D09D}.Debug|Any CPU.Build.0 = Debug|Any CPU
		{4C24008A-C75F-4FBC-8A68-3DFCD717D09D}.Release|Any CPU.ActiveCfg = Release|Any CPU
		{4C24008A-C75F-4FBC-8A68-3DFCD717D09D}.Release|Any CPU.Build.0 = Release|Any CPU
	EndGlobalSection
	GlobalSection(SolutionProperties) = preSolution
		HideSolutionNode = FALSE
	EndGlobalSection
	GlobalSection(ExtensibilityGlobals) = postSolution
		SolutionGuid = {30E40B5F-363B-4F7E-8F8B-EC9839E1C97C}
	EndGlobalSection
EndGlobal
